
Microsoft Visual Studio Solution File, Format Version 12.00
# Visual Studio Version 16
VisualStudioVersion = 16.0.31313.79
MinimumVisualStudioVersion = 10.0.40219.1
Project("{2150E333-8FDC-42A3-9474-1A3956D46DE8}") = "src", "src", "{777FA819-D4B3-46F2-B0E0-145E0CB6AF0A}"
EndProject
Project("{2150E333-8FDC-42A3-9474-1A3956D46DE8}") = "test", "test", "{7B2713CD-1721-403F-AE55-34D757291783}"
EndProject
Project("{2150E333-8FDC-42A3-9474-1A3956D46DE8}") = "wpf", "wpf", "{F2C87C73-E34A-4685-B025-6C0B76D0C6F6}"
EndProject
Project("{9A19103F-16F7-4668-BE54-9A1E7A4F7556}") = "DoraPocket.WPF", "src\wpf\DoraPocket.WPF\DoraPocket.WPF.csproj", "{1FCA0E58-7EBB-4CAE-A8F0-ADE57B33171C}"
EndProject
Project("{9A19103F-16F7-4668-BE54-9A1E7A4F7556}") = "DoraPocket.Common", "src\wpf\DoraPocket.Common\DoraPocket.Common.csproj", "{AD75C7C4-8560-4410-94CF-EC59A6EF454D}"
EndProject
Project("{9A19103F-16F7-4668-BE54-9A1E7A4F7556}") = "DoraPocket.Domain", "src\wpf\DoraPocket.Domain\DoraPocket.Domain.csproj", "{655A45C1-702F-466B-AA3E-2CEB5219D3CB}"
EndProject
Project("{9A19103F-16F7-4668-BE54-9A1E7A4F7556}") = "DoraPocket.Infrastructure", "src\wpf\DoraPocket.Infrastructure\DoraPocket.Infrastructure.csproj", "{4DA8CB00-9E2D-442B-B060-B603F4100820}"
EndProject
Project("{D954291E-2A0B-460D-934E-DC6B0785DB48}") = "DoraPocket.ViewModel", "src\wpf\DoraPocket.ViewModel\DoraPocket.ViewModel.shproj", "{FAA86A0B-5C16-471C-AE15-1E7896A033CD}"
EndProject
Global
	GlobalSection(SharedMSBuildProjectFiles) = preSolution
		src\wpf\DoraPocket.ViewModel\DoraPocket.ViewModel.projitems*{1fca0e58-7ebb-4cae-a8f0-ade57b33171c}*SharedItemsImports = 5
		src\wpf\DoraPocket.ViewModel\DoraPocket.ViewModel.projitems*{faa86a0b-5c16-471c-ae15-1e7896a033cd}*SharedItemsImports = 13
	EndGlobalSection
	GlobalSection(SolutionConfigurationPlatforms) = preSolution
		Debug|Any CPU = Debug|Any CPU
		Release|Any CPU = Release|Any CPU
	EndGlobalSection
	GlobalSection(ProjectConfigurationPlatforms) = postSolution
		{1FCA0E58-7EBB-4CAE-A8F0-ADE57B33171C}.Debug|Any CPU.ActiveCfg = Debug|Any CPU
		{1FCA0E58-7EBB-4CAE-A8F0-ADE57B33171C}.Debug|Any CPU.Build.0 = Debug|Any CPU
		{1FCA0E58-7EBB-4CAE-A8F0-ADE57B33171C}.Release|Any CPU.ActiveCfg = Release|Any CPU
		{1FCA0E58-7EBB-4CAE-A8F0-ADE57B33171C}.Release|Any CPU.Build.0 = Release|Any CPU
		{AD75C7C4-8560-4410-94CF-EC59A6EF454D}.Debug|Any CPU.ActiveCfg = Debug|Any CPU
		{AD75C7C4-8560-4410-94CF-EC59A6EF454D}.Debug|Any CPU.Build.0 = Debug|Any CPU
		{AD75C7C4-8560-4410-94CF-EC59A6EF454D}.Release|Any CPU.ActiveCfg = Release|Any CPU
		{AD75C7C4-8560-4410-94CF-EC59A6EF454D}.Release|Any CPU.Build.0 = Release|Any CPU
		{655A45C1-702F-466B-AA3E-2CEB5219D3CB}.Debug|Any CPU.ActiveCfg = Debug|Any CPU
		{655A45C1-702F-466B-AA3E-2CEB5219D3CB}.Debug|Any CPU.Build.0 = Debug|Any CPU
		{655A45C1-702F-466B-AA3E-2CEB5219D3CB}.Release|Any CPU.ActiveCfg = Release|Any CPU
		{655A45C1-702F-466B-AA3E-2CEB5219D3CB}.Release|Any CPU.Build.0 = Release|Any CPU
		{4DA8CB00-9E2D-442B-B060-B603F4100820}.Debug|Any CPU.ActiveCfg = Debug|Any CPU
		{4DA8CB00-9E2D-442B-B060-B603F4100820}.Debug|Any CPU.Build.0 = Debug|Any CPU
		{4DA8CB00-9E2D-442B-B060-B603F4100820}.Release|Any CPU.ActiveCfg = Release|Any CPU
		{4DA8CB00-9E2D-442B-B060-B603F4100820}.Release|Any CPU.Build.0 = Release|Any CPU
	EndGlobalSection
	GlobalSection(SolutionProperties) = preSolution
		HideSolutionNode = FALSE
	EndGlobalSection
	GlobalSection(NestedProjects) = preSolution
		{F2C87C73-E34A-4685-B025-6C0B76D0C6F6} = {777FA819-D4B3-46F2-B0E0-145E0CB6AF0A}
		{1FCA0E58-7EBB-4CAE-A8F0-ADE57B33171C} = {F2C87C73-E34A-4685-B025-6C0B76D0C6F6}
		{AD75C7C4-8560-4410-94CF-EC59A6EF454D} = {F2C87C73-E34A-4685-B025-6C0B76D0C6F6}
		{655A45C1-702F-466B-AA3E-2CEB5219D3CB} = {F2C87C73-E34A-4685-B025-6C0B76D0C6F6}
		{4DA8CB00-9E2D-442B-B060-B603F4100820} = {F2C87C73-E34A-4685-B025-6C0B76D0C6F6}
		{FAA86A0B-5C16-471C-AE15-1E7896A033CD} = {F2C87C73-E34A-4685-B025-6C0B76D0C6F6}
	EndGlobalSection
	GlobalSection(ExtensibilityGlobals) = postSolution
		SolutionGuid = {8AEB9A21-BBFD-4DFE-9402-B459B3793DED}
	EndGlobalSection
EndGlobal
